
Microsoft Visual Studio Solution File, Format Version 12.00
# Visual Studio Version 17
VisualStudioVersion = 17.3.32922.545
MinimumVisualStudioVersion = 10.0.40219.1
Project("{FAE04EC0-301F-11D3-BF4B-00C04F79EFBC}") = "QuizApplicationSprintTwo", "QuizApplicationSprintTwo\QuizApplicationSprintTwo.csproj", "{6AB99F16-2ED8-4BC3-9D6F-B14B6482968F}"
EndProject
Global
	GlobalSection(SolutionConfigurationPlatforms) = preSolution
		Debug|Any CPU = Debug|Any CPU
		Release|Any CPU = Release|Any CPU
	EndGlobalSection
	GlobalSection(ProjectConfigurationPlatforms) = postSolution
		{6AB99F16-2ED8-4BC3-9D6F-B14B6482968F}.Debug|Any CPU.ActiveCfg = Debug|Any CPU
		{6AB99F16-2ED8-4BC3-9D6F-B14B6482968F}.Debug|Any CPU.Build.0 = Debug|Any CPU
		{6AB99F16-2ED8-4BC3-9D6F-B14B6482968F}.Release|Any CPU.ActiveCfg = Release|Any CPU
		{6AB99F16-2ED8-4BC3-9D6F-B14B6482968F}.Release|Any CPU.Build.0 = Release|Any CPU
	EndGlobalSection
	GlobalSection(SolutionProperties) = preSolution
		HideSolutionNode = FALSE
	EndGlobalSection
	GlobalSection(ExtensibilityGlobals) = postSolution
		SolutionGuid = {001E9A14-28D4-4505-B2C2-AFE6E5ADFA3E}
	EndGlobalSection
EndGlobal
